// !$*UTF8*$!
{
	archiveVersion = 1;
	classes = {
	};
	objectVersion = 56;
	objects = {

/* Begin PBXBuildFile section */
		D24822092D5CB79E00A3CF3A /* StepperWidgetAppApp.swift in Sources */ = {isa = PBXBuildFile; fileRef = D24822082D5CB79E00A3CF3A /* StepperWidgetAppApp.swift */; };
		D248220B2D5CB79E00A3CF3A /* StepperView.swift in Sources */ = {isa = PBXBuildFile; fileRef = D248220A2D5CB79E00A3CF3A /* StepperView.swift */; };
		D248220D2D5CB7A000A3CF3A /* Assets.xcassets in Resources */ = {isa = PBXBuildFile; fileRef = D248220C2D5CB7A000A3CF3A /* Assets.xcassets */; };
		D24822102D5CB7A000A3CF3A /* Preview Assets.xcassets in Resources */ = {isa = PBXBuildFile; fileRef = D248220F2D5CB7A000A3CF3A /* Preview Assets.xcassets */; };
		D248221D2D5CBF5600A3CF3A /* WidgetKit.framework in Frameworks */ = {isa = PBXBuildFile; fileRef = D248221C2D5CBF5600A3CF3A /* WidgetKit.framework */; };
		D248221F2D5CBF5600A3CF3A /* SwiftUI.framework in Frameworks */ = {isa = PBXBuildFile; fileRef = D248221E2D5CBF5600A3CF3A /* SwiftUI.framework */; };
		D24822222D5CBF5600A3CF3A /* WidgetStepperDemoBundle.swift in Sources */ = {isa = PBXBuildFile; fileRef = D24822212D5CBF5600A3CF3A /* WidgetStepperDemoBundle.swift */; };
		D24822242D5CBF5600A3CF3A /* WidgetStepperDemo.swift in Sources */ = {isa = PBXBuildFile; fileRef = D24822232D5CBF5600A3CF3A /* WidgetStepperDemo.swift */; };
		D24822262D5CBF5700A3CF3A /* Assets.xcassets in Resources */ = {isa = PBXBuildFile; fileRef = D24822252D5CBF5700A3CF3A /* Assets.xcassets */; };
		D248222A2D5CBF5700A3CF3A /* WidgetStepperDemoExtension.appex in Embed Foundation Extensions */ = {isa = PBXBuildFile; fileRef = D248221A2D5CBF5600A3CF3A /* WidgetStepperDemoExtension.appex */; settings = {ATTRIBUTES = (RemoveHeadersOnCopy, ); }; };
		D24822302D5CC4C900A3CF3A /* DataStorage.swift in Sources */ = {isa = PBXBuildFile; fileRef = D248222F2D5CC4C900A3CF3A /* DataStorage.swift */; };
		D24822312D5CC57B00A3CF3A /* DataStorage.swift in Sources */ = {isa = PBXBuildFile; fileRef = D248222F2D5CC4C900A3CF3A /* DataStorage.swift */; };
		D24822352D5CCE7400A3CF3A /* StepperAppIntent.swift in Sources */ = {isa = PBXBuildFile; fileRef = D24822342D5CCE7400A3CF3A /* StepperAppIntent.swift */; };
		D24822362D5CCF8200A3CF3A /* StepperAppIntent.swift in Sources */ = {isa = PBXBuildFile; fileRef = D24822342D5CCE7400A3CF3A /* StepperAppIntent.swift */; };
		D24822392D5CD0EB00A3CF3A /* ConfigurableWidget.swift in Sources */ = {isa = PBXBuildFile; fileRef = D24822372D5CD07700A3CF3A /* ConfigurableWidget.swift */; };
		D248223C2D5CD49900A3CF3A /* SelectColorIntent.swift in Sources */ = {isa = PBXBuildFile; fileRef = D248223A2D5CD1BE00A3CF3A /* SelectColorIntent.swift */; };
		D24822412D5CD79000A3CF3A /* ProgressCircle.swift in Sources */ = {isa = PBXBuildFile; fileRef = D248223F2D5CD75D00A3CF3A /* ProgressCircle.swift */; };
/* End PBXBuildFile section */

/* Begin PBXContainerItemProxy section */
		D24822282D5CBF5700A3CF3A /* PBXContainerItemProxy */ = {
			isa = PBXContainerItemProxy;
			containerPortal = D24821FD2D5CB79E00A3CF3A /* Project object */;
			proxyType = 1;
			remoteGlobalIDString = D24822192D5CBF5600A3CF3A;
			remoteInfo = WidgetStepperDemoExtension;
		};
/* End PBXContainerItemProxy section */

/* Begin PBXCopyFilesBuildPhase section */
		D248222E2D5CBF5700A3CF3A /* Embed Foundation Extensions */ = {
			isa = PBXCopyFilesBuildPhase;
			buildActionMask = 2147483647;
			dstPath = "";
			dstSubfolderSpec = 13;
			files = (
				D248222A2D5CBF5700A3CF3A /* WidgetStepperDemoExtension.appex in Embed Foundation Extensions */,
			);
			name = "Embed Foundation Extensions";
			runOnlyForDeploymentPostprocessing = 0;
		};
/* End PBXCopyFilesBuildPhase section */

/* Begin PBXFileReference section */
		D24822052D5CB79E00A3CF3A /* StepperWidgetApp.app */ = {isa = PBXFileReference; explicitFileType = wrapper.application; includeInIndex = 0; path = StepperWidgetApp.app; sourceTree = BUILT_PRODUCTS_DIR; };
		D24822082D5CB79E00A3CF3A /* StepperWidgetAppApp.swift */ = {isa = PBXFileReference; lastKnownFileType = sourcecode.swift; path = StepperWidgetAppApp.swift; sourceTree = "<group>"; };
		D248220A2D5CB79E00A3CF3A /* StepperView.swift */ = {isa = PBXFileReference; lastKnownFileType = sourcecode.swift; path = StepperView.swift; sourceTree = "<group>"; };
		D248220C2D5CB7A000A3CF3A /* Assets.xcassets */ = {isa = PBXFileReference; lastKnownFileType = folder.assetcatalog; path = Assets.xcassets; sourceTree = "<group>"; };
		D248220F2D5CB7A000A3CF3A /* Preview Assets.xcassets */ = {isa = PBXFileReference; lastKnownFileType = folder.assetcatalog; path = "Preview Assets.xcassets"; sourceTree = "<group>"; };
		D248221A2D5CBF5600A3CF3A /* WidgetStepperDemoExtension.appex */ = {isa = PBXFileReference; explicitFileType = "wrapper.app-extension"; includeInIndex = 0; path = WidgetStepperDemoExtension.appex; sourceTree = BUILT_PRODUCTS_DIR; };
		D248221C2D5CBF5600A3CF3A /* WidgetKit.framework */ = {isa = PBXFileReference; lastKnownFileType = wrapper.framework; name = WidgetKit.framework; path = System/Library/Frameworks/WidgetKit.framework; sourceTree = SDKROOT; };
		D248221E2D5CBF5600A3CF3A /* SwiftUI.framework */ = {isa = PBXFileReference; lastKnownFileType = wrapper.framework; name = SwiftUI.framework; path = System/Library/Frameworks/SwiftUI.framework; sourceTree = SDKROOT; };
		D24822212D5CBF5600A3CF3A /* WidgetStepperDemoBundle.swift */ = {isa = PBXFileReference; lastKnownFileType = sourcecode.swift; path = WidgetStepperDemoBundle.swift; sourceTree = "<group>"; };
		D24822232D5CBF5600A3CF3A /* WidgetStepperDemo.swift */ = {isa = PBXFileReference; lastKnownFileType = sourcecode.swift; path = WidgetStepperDemo.swift; sourceTree = "<group>"; };
		D24822252D5CBF5700A3CF3A /* Assets.xcassets */ = {isa = PBXFileReference; lastKnownFileType = folder.assetcatalog; path = Assets.xcassets; sourceTree = "<group>"; };
		D24822272D5CBF5700A3CF3A /* Info.plist */ = {isa = PBXFileReference; lastKnownFileType = text.plist.xml; path = Info.plist; sourceTree = "<group>"; };
		D248222F2D5CC4C900A3CF3A /* DataStorage.swift */ = {isa = PBXFileReference; lastKnownFileType = sourcecode.swift; path = DataStorage.swift; sourceTree = "<group>"; };
		D24822322D5CC6D600A3CF3A /* StepperWidgetApp.entitlements */ = {isa = PBXFileReference; lastKnownFileType = text.plist.entitlements; path = StepperWidgetApp.entitlements; sourceTree = "<group>"; };
		D24822332D5CC70500A3CF3A /* WidgetStepperDemoExtension.entitlements */ = {isa = PBXFileReference; lastKnownFileType = text.plist.entitlements; path = WidgetStepperDemoExtension.entitlements; sourceTree = "<group>"; };
		D24822342D5CCE7400A3CF3A /* StepperAppIntent.swift */ = {isa = PBXFileReference; lastKnownFileType = sourcecode.swift; path = StepperAppIntent.swift; sourceTree = "<group>"; };
		D24822372D5CD07700A3CF3A /* ConfigurableWidget.swift */ = {isa = PBXFileReference; lastKnownFileType = sourcecode.swift; path = ConfigurableWidget.swift; sourceTree = "<group>"; };
		D248223A2D5CD1BE00A3CF3A /* SelectColorIntent.swift */ = {isa = PBXFileReference; lastKnownFileType = sourcecode.swift; path = SelectColorIntent.swift; sourceTree = "<group>"; };
		D248223F2D5CD75D00A3CF3A /* ProgressCircle.swift */ = {isa = PBXFileReference; lastKnownFileType = sourcecode.swift; path = ProgressCircle.swift; sourceTree = "<group>"; };
/* End PBXFileReference section */

/* Begin PBXFrameworksBuildPhase section */
		D24822022D5CB79E00A3CF3A /* Frameworks */ = {
			isa = PBXFrameworksBuildPhase;
			buildActionMask = 2147483647;
			files = (
			);
			runOnlyForDeploymentPostprocessing = 0;
		};
		D24822172D5CBF5600A3CF3A /* Frameworks */ = {
			isa = PBXFrameworksBuildPhase;
			buildActionMask = 2147483647;
			files = (
				D248221F2D5CBF5600A3CF3A /* SwiftUI.framework in Frameworks */,
				D248221D2D5CBF5600A3CF3A /* WidgetKit.framework in Frameworks */,
			);
			runOnlyForDeploymentPostprocessing = 0;
		};
/* End PBXFrameworksBuildPhase section */

/* Begin PBXGroup section */
		D24821FC2D5CB79E00A3CF3A = {
			isa = PBXGroup;
			children = (
				D24822332D5CC70500A3CF3A /* WidgetStepperDemoExtension.entitlements */,
				D24822072D5CB79E00A3CF3A /* StepperWidgetApp */,
				D24822202D5CBF5600A3CF3A /* WidgetStepperDemo */,
				D248221B2D5CBF5600A3CF3A /* Frameworks */,
				D24822062D5CB79E00A3CF3A /* Products */,
			);
			sourceTree = "<group>";
		};
		D24822062D5CB79E00A3CF3A /* Products */ = {
			isa = PBXGroup;
			children = (
				D24822052D5CB79E00A3CF3A /* StepperWidgetApp.app */,
				D248221A2D5CBF5600A3CF3A /* WidgetStepperDemoExtension.appex */,
			);
			name = Products;
			sourceTree = "<group>";
		};
		D24822072D5CB79E00A3CF3A /* StepperWidgetApp */ = {
			isa = PBXGroup;
			children = (
				D24822322D5CC6D600A3CF3A /* StepperWidgetApp.entitlements */,
				D24822082D5CB79E00A3CF3A /* StepperWidgetAppApp.swift */,
				D248220A2D5CB79E00A3CF3A /* StepperView.swift */,
				D248220C2D5CB7A000A3CF3A /* Assets.xcassets */,
				D248220E2D5CB7A000A3CF3A /* Preview Content */,
			);
			path = StepperWidgetApp;
			sourceTree = "<group>";
		};
		D248220E2D5CB7A000A3CF3A /* Preview Content */ = {
			isa = PBXGroup;
			children = (
				D248220F2D5CB7A000A3CF3A /* Preview Assets.xcassets */,
			);
			path = "Preview Content";
			sourceTree = "<group>";
		};
		D248221B2D5CBF5600A3CF3A /* Frameworks */ = {
			isa = PBXGroup;
			children = (
				D248221C2D5CBF5600A3CF3A /* WidgetKit.framework */,
				D248221E2D5CBF5600A3CF3A /* SwiftUI.framework */,
			);
			name = Frameworks;
			sourceTree = "<group>";
		};
		D24822202D5CBF5600A3CF3A /* WidgetStepperDemo */ = {
			isa = PBXGroup;
			children = (
				D24822212D5CBF5600A3CF3A /* WidgetStepperDemoBundle.swift */,
				D24822232D5CBF5600A3CF3A /* WidgetStepperDemo.swift */,
				D24822252D5CBF5700A3CF3A /* Assets.xcassets */,
				D24822272D5CBF5700A3CF3A /* Info.plist */,
				D248222F2D5CC4C900A3CF3A /* DataStorage.swift */,
				D24822342D5CCE7400A3CF3A /* StepperAppIntent.swift */,
				D24822372D5CD07700A3CF3A /* ConfigurableWidget.swift */,
				D248223A2D5CD1BE00A3CF3A /* SelectColorIntent.swift */,
				D248223F2D5CD75D00A3CF3A /* ProgressCircle.swift */,
			);
			path = WidgetStepperDemo;
			sourceTree = "<group>";
		};
/* End PBXGroup section */

/* Begin PBXNativeTarget section */
		D24822042D5CB79E00A3CF3A /* StepperWidgetApp */ = {
			isa = PBXNativeTarget;
			buildConfigurationList = D24822132D5CB7A000A3CF3A /* Build configuration list for PBXNativeTarget "StepperWidgetApp" */;
			buildPhases = (
				D24822012D5CB79E00A3CF3A /* Sources */,
				D24822022D5CB79E00A3CF3A /* Frameworks */,
				D24822032D5CB79E00A3CF3A /* Resources */,
				D248222E2D5CBF5700A3CF3A /* Embed Foundation Extensions */,
			);
			buildRules = (
			);
			dependencies = (
				D24822292D5CBF5700A3CF3A /* PBXTargetDependency */,
			);
			name = StepperWidgetApp;
			productName = StepperWidgetApp;
			productReference = D24822052D5CB79E00A3CF3A /* StepperWidgetApp.app */;
			productType = "com.apple.product-type.application";
		};
		D24822192D5CBF5600A3CF3A /* WidgetStepperDemoExtension */ = {
			isa = PBXNativeTarget;
			buildConfigurationList = D248222B2D5CBF5700A3CF3A /* Build configuration list for PBXNativeTarget "WidgetStepperDemoExtension" */;
			buildPhases = (
				D24822162D5CBF5600A3CF3A /* Sources */,
				D24822172D5CBF5600A3CF3A /* Frameworks */,
				D24822182D5CBF5600A3CF3A /* Resources */,
			);
			buildRules = (
			);
			dependencies = (
			);
			name = WidgetStepperDemoExtension;
			productName = WidgetStepperDemoExtension;
			productReference = D248221A2D5CBF5600A3CF3A /* WidgetStepperDemoExtension.appex */;
			productType = "com.apple.product-type.app-extension";
		};
/* End PBXNativeTarget section */

/* Begin PBXProject section */
		D24821FD2D5CB79E00A3CF3A /* Project object */ = {
			isa = PBXProject;
			attributes = {
				BuildIndependentTargetsInParallel = 1;
				LastSwiftUpdateCheck = 1540;
				LastUpgradeCheck = 1540;
				TargetAttributes = {
					D24822042D5CB79E00A3CF3A = {
						CreatedOnToolsVersion = 15.4;
					};
					D24822192D5CBF5600A3CF3A = {
						CreatedOnToolsVersion = 15.4;
					};
				};
			};
			buildConfigurationList = D24822002D5CB79E00A3CF3A /* Build configuration list for PBXProject "StepperWidgetApp" */;
			compatibilityVersion = "Xcode 14.0";
			developmentRegion = en;
			hasScannedForEncodings = 0;
			knownRegions = (
				en,
				Base,
			);
			mainGroup = D24821FC2D5CB79E00A3CF3A;
			productRefGroup = D24822062D5CB79E00A3CF3A /* Products */;
			projectDirPath = "";
			projectRoot = "";
			targets = (
				D24822042D5CB79E00A3CF3A /* StepperWidgetApp */,
				D24822192D5CBF5600A3CF3A /* WidgetStepperDemoExtension */,
			);
		};
/* End PBXProject section */

/* Begin PBXResourcesBuildPhase section */
		D24822032D5CB79E00A3CF3A /* Resources */ = {
			isa = PBXResourcesBuildPhase;
			buildActionMask = 2147483647;
			files = (
				D24822102D5CB7A000A3CF3A /* Preview Assets.xcassets in Resources */,
				D248220D2D5CB7A000A3CF3A /* Assets.xcassets in Resources */,
			);
			runOnlyForDeploymentPostprocessing = 0;
		};
		D24822182D5CBF5600A3CF3A /* Resources */ = {
			isa = PBXResourcesBuildPhase;
			buildActionMask = 2147483647;
			files = (
				D24822262D5CBF5700A3CF3A /* Assets.xcassets in Resources */,
			);
			runOnlyForDeploymentPostprocessing = 0;
		};
/* End PBXResourcesBuildPhase section */

/* Begin PBXSourcesBuildPhase section */
		D24822012D5CB79E00A3CF3A /* Sources */ = {
			isa = PBXSourcesBuildPhase;
			buildActionMask = 2147483647;
			files = (
				D24822302D5CC4C900A3CF3A /* DataStorage.swift in Sources */,
				D248220B2D5CB79E00A3CF3A /* StepperView.swift in Sources */,
				D24822092D5CB79E00A3CF3A /* StepperWidgetAppApp.swift in Sources */,
				D24822352D5CCE7400A3CF3A /* StepperAppIntent.swift in Sources */,
			);
			runOnlyForDeploymentPostprocessing = 0;
		};
		D24822162D5CBF5600A3CF3A /* Sources */ = {
			isa = PBXSourcesBuildPhase;
			buildActionMask = 2147483647;
			files = (
				D24822392D5CD0EB00A3CF3A /* ConfigurableWidget.swift in Sources */,
				D248223C2D5CD49900A3CF3A /* SelectColorIntent.swift in Sources */,
				D24822312D5CC57B00A3CF3A /* DataStorage.swift in Sources */,
				D24822242D5CBF5600A3CF3A /* WidgetStepperDemo.swift in Sources */,
				D24822412D5CD79000A3CF3A /* ProgressCircle.swift in Sources */,
				D24822222D5CBF5600A3CF3A /* WidgetStepperDemoBundle.swift in Sources */,
				D24822362D5CCF8200A3CF3A /* StepperAppIntent.swift in Sources */,
			);
			runOnlyForDeploymentPostprocessing = 0;
		};
/* End PBXSourcesBuildPhase section */

/* Begin PBXTargetDependency section */
		D24822292D5CBF5700A3CF3A /* PBXTargetDependency */ = {
			isa = PBXTargetDependency;
			target = D24822192D5CBF5600A3CF3A /* WidgetStepperDemoExtension */;
			targetProxy = D24822282D5CBF5700A3CF3A /* PBXContainerItemProxy */;
		};
/* End PBXTargetDependency section */

/* Begin XCBuildConfiguration section */
		D24822112D5CB7A000A3CF3A /* Debug */ = {
			isa = XCBuildConfiguration;
			buildSettings = {
				ALWAYS_SEARCH_USER_PATHS = NO;
				ASSETCATALOG_COMPILER_GENERATE_SWIFT_ASSET_SYMBOL_EXTENSIONS = YES;
				CLANG_ANALYZER_NONNULL = YES;
				CLANG_ANALYZER_NUMBER_OBJECT_CONVERSION = YES_AGGRESSIVE;
				CLANG_CXX_LANGUAGE_STANDARD = "gnu++20";
				CLANG_ENABLE_MODULES = YES;
				CLANG_ENABLE_OBJC_ARC = YES;
				CLANG_ENABLE_OBJC_WEAK = YES;
				CLANG_WARN_BLOCK_CAPTURE_AUTORELEASING = YES;
				CLANG_WARN_BOOL_CONVERSION = YES;
				CLANG_WARN_COMMA = YES;
				CLANG_WARN_CONSTANT_CONVERSION = YES;
				CLANG_WARN_DEPRECATED_OBJC_IMPLEMENTATIONS = YES;
				CLANG_WARN_DIRECT_OBJC_ISA_USAGE = YES_ERROR;
				CLANG_WARN_DOCUMENTATION_COMMENTS = YES;
				CLANG_WARN_EMPTY_BODY = YES;
				CLANG_WARN_ENUM_CONVERSION = YES;
				CLANG_WARN_INFINITE_RECURSION = YES;
				CLANG_WARN_INT_CONVERSION = YES;
				CLANG_WARN_NON_LITERAL_NULL_CONVERSION = YES;
				CLANG_WARN_OBJC_IMPLICIT_RETAIN_SELF = YES;
				CLANG_WARN_OBJC_LITERAL_CONVERSION = YES;
				CLANG_WARN_OBJC_ROOT_CLASS = YES_ERROR;
				CLANG_WARN_QUOTED_INCLUDE_IN_FRAMEWORK_HEADER = YES;
				CLANG_WARN_RANGE_LOOP_ANALYSIS = YES;
				CLANG_WARN_STRICT_PROTOTYPES = YES;
				CLANG_WARN_SUSPICIOUS_MOVE = YES;
				CLANG_WARN_UNGUARDED_AVAILABILITY = YES_AGGRESSIVE;
				CLANG_WARN_UNREACHABLE_CODE = YES;
				CLANG_WARN__DUPLICATE_METHOD_MATCH = YES;
				COPY_PHASE_STRIP = NO;
				DEBUG_INFORMATION_FORMAT = dwarf;
				ENABLE_STRICT_OBJC_MSGSEND = YES;
				ENABLE_TESTABILITY = YES;
				ENABLE_USER_SCRIPT_SANDBOXING = YES;
				GCC_C_LANGUAGE_STANDARD = gnu17;
				GCC_DYNAMIC_NO_PIC = NO;
				GCC_NO_COMMON_BLOCKS = YES;
				GCC_OPTIMIZATION_LEVEL = 0;
				GCC_PREPROCESSOR_DEFINITIONS = (
					"DEBUG=1",
					"$(inherited)",
				);
				GCC_WARN_64_TO_32_BIT_CONVERSION = YES;
				GCC_WARN_ABOUT_RETURN_TYPE = YES_ERROR;
				GCC_WARN_UNDECLARED_SELECTOR = YES;
				GCC_WARN_UNINITIALIZED_AUTOS = YES_AGGRESSIVE;
				GCC_WARN_UNUSED_FUNCTION = YES;
				GCC_WARN_UNUSED_VARIABLE = YES;
				IPHONEOS_DEPLOYMENT_TARGET = 17.5;
				LOCALIZATION_PREFERS_STRING_CATALOGS = YES;
				MTL_ENABLE_DEBUG_INFO = INCLUDE_SOURCE;
				MTL_FAST_MATH = YES;
				ONLY_ACTIVE_ARCH = YES;
				SDKROOT = iphoneos;
				SWIFT_ACTIVE_COMPILATION_CONDITIONS = "DEBUG $(inherited)";
				SWIFT_OPTIMIZATION_LEVEL = "-Onone";
			};
			name = Debug;
		};
		D24822122D5CB7A000A3CF3A /* Release */ = {
			isa = XCBuildConfiguration;
			buildSettings = {
				ALWAYS_SEARCH_USER_PATHS = NO;
				ASSETCATALOG_COMPILER_GENERATE_SWIFT_ASSET_SYMBOL_EXTENSIONS = YES;
				CLANG_ANALYZER_NONNULL = YES;
				CLANG_ANALYZER_NUMBER_OBJECT_CONVERSION = YES_AGGRESSIVE;
				CLANG_CXX_LANGUAGE_STANDARD = "gnu++20";
				CLANG_ENABLE_MODULES = YES;
				CLANG_ENABLE_OBJC_ARC = YES;
				CLANG_ENABLE_OBJC_WEAK = YES;
				CLANG_WARN_BLOCK_CAPTURE_AUTORELEASING = YES;
				CLANG_WARN_BOOL_CONVERSION = YES;
				CLANG_WARN_COMMA = YES;
				CLANG_WARN_CONSTANT_CONVERSION = YES;
				CLANG_WARN_DEPRECATED_OBJC_IMPLEMENTATIONS = YES;
				CLANG_WARN_DIRECT_OBJC_ISA_USAGE = YES_ERROR;
				CLANG_WARN_DOCUMENTATION_COMMENTS = YES;
				CLANG_WARN_EMPTY_BODY = YES;
				CLANG_WARN_ENUM_CONVERSION = YES;
				CLANG_WARN_INFINITE_RECURSION = YES;
				CLANG_WARN_INT_CONVERSION = YES;
				CLANG_WARN_NON_LITERAL_NULL_CONVERSION = YES;
				CLANG_WARN_OBJC_IMPLICIT_RETAIN_SELF = YES;
				CLANG_WARN_OBJC_LITERAL_CONVERSION = YES;
				CLANG_WARN_OBJC_ROOT_CLASS = YES_ERROR;
				CLANG_WARN_QUOTED_INCLUDE_IN_FRAMEWORK_HEADER = YES;
				CLANG_WARN_RANGE_LOOP_ANALYSIS = YES;
				CLANG_WARN_STRICT_PROTOTYPES = YES;
				CLANG_WARN_SUSPICIOUS_MOVE = YES;
				CLANG_WARN_UNGUARDED_AVAILABILITY = YES_AGGRESSIVE;
				CLANG_WARN_UNREACHABLE_CODE = YES;
				CLANG_WARN__DUPLICATE_METHOD_MATCH = YES;
				COPY_PHASE_STRIP = NO;
				DEBUG_INFORMATION_FORMAT = "dwarf-with-dsym";
				ENABLE_NS_ASSERTIONS = NO;
				ENABLE_STRICT_OBJC_MSGSEND = YES;
				ENABLE_USER_SCRIPT_SANDBOXING = YES;
				GCC_C_LANGUAGE_STANDARD = gnu17;
				GCC_NO_COMMON_BLOCKS = YES;
				GCC_WARN_64_TO_32_BIT_CONVERSION = YES;
				GCC_WARN_ABOUT_RETURN_TYPE = YES_ERROR;
				GCC_WARN_UNDECLARED_SELECTOR = YES;
				GCC_WARN_UNINITIALIZED_AUTOS = YES_AGGRESSIVE;
				GCC_WARN_UNUSED_FUNCTION = YES;
				GCC_WARN_UNUSED_VARIABLE = YES;
				IPHONEOS_DEPLOYMENT_TARGET = 17.5;
				LOCALIZATION_PREFERS_STRING_CATALOGS = YES;
				MTL_ENABLE_DEBUG_INFO = NO;
				MTL_FAST_MATH = YES;
				SDKROOT = iphoneos;
				SWIFT_COMPILATION_MODE = wholemodule;
				VALIDATE_PRODUCT = YES;
			};
			name = Release;
		};
		D24822142D5CB7A000A3CF3A /* Debug */ = {
			isa = XCBuildConfiguration;
			buildSettings = {
				ALWAYS_EMBED_SWIFT_STANDARD_LIBRARIES = YES;
				ASSETCATALOG_COMPILER_APPICON_NAME = AppIcon;
				ASSETCATALOG_COMPILER_GLOBAL_ACCENT_COLOR_NAME = AccentColor;
				CODE_SIGN_ENTITLEMENTS = StepperWidgetApp/StepperWidgetApp.entitlements;
				CODE_SIGN_STYLE = Automatic;
				CURRENT_PROJECT_VERSION = 1;
				DEVELOPMENT_ASSET_PATHS = "\"StepperWidgetApp/Preview Content\"";
				DEVELOPMENT_TEAM = 6QTSV772M5;
				ENABLE_PREVIEWS = YES;
				GENERATE_INFOPLIST_FILE = YES;
				INFOPLIST_KEY_UIApplicationSceneManifest_Generation = YES;
				INFOPLIST_KEY_UIApplicationSupportsIndirectInputEvents = YES;
				INFOPLIST_KEY_UILaunchScreen_Generation = YES;
				INFOPLIST_KEY_UISupportedInterfaceOrientations_iPad = "UIInterfaceOrientationPortrait UIInterfaceOrientationPortraitUpsideDown UIInterfaceOrientationLandscapeLeft UIInterfaceOrientationLandscapeRight";
				INFOPLIST_KEY_UISupportedInterfaceOrientations_iPhone = "UIInterfaceOrientationPortrait UIInterfaceOrientationLandscapeLeft UIInterfaceOrientationLandscapeRight";
				LD_RUNPATH_SEARCH_PATHS = (
					"$(inherited)",
					"@executable_path/Frameworks",
				);
				MARKETING_VERSION = 1.0;
				PRODUCT_BUNDLE_IDENTIFIER = se.hse.StepperWidgetApp;
				PRODUCT_NAME = "$(TARGET_NAME)";
				SWIFT_EMIT_LOC_STRINGS = YES;
				SWIFT_VERSION = 5.0;
				TARGETED_DEVICE_FAMILY = "1,2";
			};
			name = Debug;
		};
		D24822152D5CB7A000A3CF3A /* Release */ = {
			isa = XCBuildConfiguration;
			buildSettings = {
				ALWAYS_EMBED_SWIFT_STANDARD_LIBRARIES = YES;
				ASSETCATALOG_COMPILER_APPICON_NAME = AppIcon;
				ASSETCATALOG_COMPILER_GLOBAL_ACCENT_COLOR_NAME = AccentColor;
				CODE_SIGN_ENTITLEMENTS = StepperWidgetApp/StepperWidgetApp.entitlements;
				CODE_SIGN_STYLE = Automatic;
				CURRENT_PROJECT_VERSION = 1;
				DEVELOPMENT_ASSET_PATHS = "\"StepperWidgetApp/Preview Content\"";
				DEVELOPMENT_TEAM = 6QTSV772M5;
				ENABLE_PREVIEWS = YES;
				GENERATE_INFOPLIST_FILE = YES;
				INFOPLIST_KEY_UIApplicationSceneManifest_Generation = YES;
				INFOPLIST_KEY_UIApplicationSupportsIndirectInputEvents = YES;
				INFOPLIST_KEY_UILaunchScreen_Generation = YES;
				INFOPLIST_KEY_UISupportedInterfaceOrientations_iPad = "UIInterfaceOrientationPortrait UIInterfaceOrientationPortraitUpsideDown UIInterfaceOrientationLandscapeLeft UIInterfaceOrientationLandscapeRight";
				INFOPLIST_KEY_UISupportedInterfaceOrientations_iPhone = "UIInterfaceOrientationPortrait UIInterfaceOrientationLandscapeLeft UIInterfaceOrientationLandscapeRight";
				LD_RUNPATH_SEARCH_PATHS = (
					"$(inherited)",
					"@executable_path/Frameworks",
				);
				MARKETING_VERSION = 1.0;
				PRODUCT_BUNDLE_IDENTIFIER = se.hse.StepperWidgetApp;
				PRODUCT_NAME = "$(TARGET_NAME)";
				SWIFT_EMIT_LOC_STRINGS = YES;
				SWIFT_VERSION = 5.0;
				TARGETED_DEVICE_FAMILY = "1,2";
			};
			name = Release;
		};
		D248222C2D5CBF5700A3CF3A /* Debug */ = {
			isa = XCBuildConfiguration;
			buildSettings = {
				ASSETCATALOG_COMPILER_GLOBAL_ACCENT_COLOR_NAME = AccentColor;
				ASSETCATALOG_COMPILER_WIDGET_BACKGROUND_COLOR_NAME = WidgetBackground;
				CODE_SIGN_ENTITLEMENTS = WidgetStepperDemoExtension.entitlements;
				CODE_SIGN_STYLE = Automatic;
				CURRENT_PROJECT_VERSION = 1;
				DEVELOPMENT_TEAM = 6QTSV772M5;
				GENERATE_INFOPLIST_FILE = YES;
				INFOPLIST_FILE = WidgetStepperDemo/Info.plist;
				INFOPLIST_KEY_CFBundleDisplayName = WidgetStepperDemo;
				INFOPLIST_KEY_NSHumanReadableCopyright = "";
				LD_RUNPATH_SEARCH_PATHS = (
					"$(inherited)",
					"@executable_path/Frameworks",
					"@executable_path/../../Frameworks",
				);
				MARKETING_VERSION = 1.0;
				PRODUCT_BUNDLE_IDENTIFIER = se.hse.StepperWidgetApp.WidgetStepperDemo;
				PRODUCT_NAME = "$(TARGET_NAME)";
				SKIP_INSTALL = YES;
				SWIFT_EMIT_LOC_STRINGS = YES;
				SWIFT_VERSION = 5.0;
				TARGETED_DEVICE_FAMILY = "1,2";
			};
			name = Debug;
		};
		D248222D2D5CBF5700A3CF3A /* Release */ = {
			isa = XCBuildConfiguration;
			buildSettings = {
				ASSETCATALOG_COMPILER_GLOBAL_ACCENT_COLOR_NAME = AccentColor;
				ASSETCATALOG_COMPILER_WIDGET_BACKGROUND_COLOR_NAME = WidgetBackground;
				CODE_SIGN_ENTITLEMENTS = WidgetStepperDemoExtension.entitlements;
				CODE_SIGN_STYLE = Automatic;
				CURRENT_PROJECT_VERSION = 1;
				DEVELOPMENT_TEAM = 6QTSV772M5;
				GENERATE_INFOPLIST_FILE = YES;
				INFOPLIST_FILE = WidgetStepperDemo/Info.plist;
				INFOPLIST_KEY_CFBundleDisplayName = WidgetStepperDemo;
				INFOPLIST_KEY_NSHumanReadableCopyright = "";
				LD_RUNPATH_SEARCH_PATHS = (
					"$(inherited)",
					"@executable_path/Frameworks",
					"@executable_path/../../Frameworks",
				);
				MARKETING_VERSION = 1.0;
				PRODUCT_BUNDLE_IDENTIFIER = se.hse.StepperWidgetApp.WidgetStepperDemo;
				PRODUCT_NAME = "$(TARGET_NAME)";
				SKIP_INSTALL = YES;
				SWIFT_EMIT_LOC_STRINGS = YES;
				SWIFT_VERSION = 5.0;
				TARGETED_DEVICE_FAMILY = "1,2";
			};
			name = Release;
		};
/* End XCBuildConfiguration section */

/* Begin XCConfigurationList section */
		D24822002D5CB79E00A3CF3A /* Build configuration list for PBXProject "StepperWidgetApp" */ = {
			isa = XCConfigurationList;
			buildConfigurations = (
				D24822112D5CB7A000A3CF3A /* Debug */,
				D24822122D5CB7A000A3CF3A /* Release */,
			);
			defaultConfigurationIsVisible = 0;
			defaultConfigurationName = Release;
		};
		D24822132D5CB7A000A3CF3A /* Build configuration list for PBXNativeTarget "StepperWidgetApp" */ = {
			isa = XCConfigurationList;
			buildConfigurations = (
				D24822142D5CB7A000A3CF3A /* Debug */,
				D24822152D5CB7A000A3CF3A /* Release */,
			);
			defaultConfigurationIsVisible = 0;
			defaultConfigurationName = Release;
		};
		D248222B2D5CBF5700A3CF3A /* Build configuration list for PBXNativeTarget "WidgetStepperDemoExtension" */ = {
			isa = XCConfigurationList;
			buildConfigurations = (
				D248222C2D5CBF5700A3CF3A /* Debug */,
				D248222D2D5CBF5700A3CF3A /* Release */,
			);
			defaultConfigurationIsVisible = 0;
			defaultConfigurationName = Release;
		};
/* End XCConfigurationList section */
	};
	rootObject = D24821FD2D5CB79E00A3CF3A /* Project object */;
}
