// !$*UTF8*$!
{
	archiveVersion = 1;
	classes = {
	};
	objectVersion = 56;
	objects = {

/* Begin PBXBuildFile section */
		83837B712D09A9C100FB6939 /* DesignAPIApp.swift in Sources */ = {isa = PBXBuildFile; fileRef = 83837B702D09A9C100FB6939 /* DesignAPIApp.swift */; };
		83837B752D09A9C200FB6939 /* Assets.xcassets in Resources */ = {isa = PBXBuildFile; fileRef = 83837B742D09A9C200FB6939 /* Assets.xcassets */; };
		83837B782D09A9C200FB6939 /* Preview Assets.xcassets in Resources */ = {isa = PBXBuildFile; fileRef = 83837B772D09A9C200FB6939 /* Preview Assets.xcassets */; };
		83837B892D09AA5F00FB6939 /* Endpoint.swift in Sources */ = {isa = PBXBuildFile; fileRef = 83837B852D09AA5F00FB6939 /* Endpoint.swift */; };
		83837B8A2D09AA5F00FB6939 /* Networking.swift in Sources */ = {isa = PBXBuildFile; fileRef = 83837B862D09AA5F00FB6939 /* Networking.swift */; };
		83837B8B2D09AA5F00FB6939 /* Request.swift in Sources */ = {isa = PBXBuildFile; fileRef = 83837B872D09AA5F00FB6939 /* Request.swift */; };
		83837B8D2D09AA8200FB6939 /* NewsViewModel.swift in Sources */ = {isa = PBXBuildFile; fileRef = 83837B8C2D09AA8200FB6939 /* NewsViewModel.swift */; };
		83837B902D09AB7200FB6939 /* Models.swift in Sources */ = {isa = PBXBuildFile; fileRef = 83837B8F2D09AB7200FB6939 /* Models.swift */; };
		83837B912D09AD6200FB6939 /* NewsEventsView.swift in Sources */ = {isa = PBXBuildFile; fileRef = 83837B722D09A9C100FB6939 /* NewsEventsView.swift */; };
		83FD9A992D09AE48000FFE94 /* NewsEndpoint.swift in Sources */ = {isa = PBXBuildFile; fileRef = 83FD9A982D09AE48000FFE94 /* NewsEndpoint.swift */; };
		83FD9A9B2D09B578000FFE94 /* SectionTitle.swift in Sources */ = {isa = PBXBuildFile; fileRef = 83FD9A9A2D09B578000FFE94 /* SectionTitle.swift */; };
		83FD9A9D2D09B592000FFE94 /* NewsCell.swift in Sources */ = {isa = PBXBuildFile; fileRef = 83FD9A9C2D09B592000FFE94 /* NewsCell.swift */; };
/* End PBXBuildFile section */

/* Begin PBXFileReference section */
		83837B6D2D09A9C100FB6939 /* DesignAPI.app */ = {isa = PBXFileReference; explicitFileType = wrapper.application; includeInIndex = 0; path = DesignAPI.app; sourceTree = BUILT_PRODUCTS_DIR; };
		83837B702D09A9C100FB6939 /* DesignAPIApp.swift */ = {isa = PBXFileReference; lastKnownFileType = sourcecode.swift; path = DesignAPIApp.swift; sourceTree = "<group>"; };
		83837B722D09A9C100FB6939 /* NewsEventsView.swift */ = {isa = PBXFileReference; lastKnownFileType = sourcecode.swift; path = NewsEventsView.swift; sourceTree = "<group>"; };
		83837B742D09A9C200FB6939 /* Assets.xcassets */ = {isa = PBXFileReference; lastKnownFileType = folder.assetcatalog; path = Assets.xcassets; sourceTree = "<group>"; };
		83837B772D09A9C200FB6939 /* Preview Assets.xcassets */ = {isa = PBXFileReference; lastKnownFileType = folder.assetcatalog; path = "Preview Assets.xcassets"; sourceTree = "<group>"; };
		83837B852D09AA5F00FB6939 /* Endpoint.swift */ = {isa = PBXFileReference; fileEncoding = 4; lastKnownFileType = sourcecode.swift; path = Endpoint.swift; sourceTree = "<group>"; };
		83837B862D09AA5F00FB6939 /* Networking.swift */ = {isa = PBXFileReference; fileEncoding = 4; lastKnownFileType = sourcecode.swift; path = Networking.swift; sourceTree = "<group>"; };
		83837B872D09AA5F00FB6939 /* Request.swift */ = {isa = PBXFileReference; fileEncoding = 4; lastKnownFileType = sourcecode.swift; path = Request.swift; sourceTree = "<group>"; };
		83837B8C2D09AA8200FB6939 /* NewsViewModel.swift */ = {isa = PBXFileReference; lastKnownFileType = sourcecode.swift; path = NewsViewModel.swift; sourceTree = "<group>"; };
		83837B8F2D09AB7200FB6939 /* Models.swift */ = {isa = PBXFileReference; lastKnownFileType = sourcecode.swift; path = Models.swift; sourceTree = "<group>"; };
		83FD9A982D09AE48000FFE94 /* NewsEndpoint.swift */ = {isa = PBXFileReference; lastKnownFileType = sourcecode.swift; path = NewsEndpoint.swift; sourceTree = "<group>"; };
		83FD9A9A2D09B578000FFE94 /* SectionTitle.swift */ = {isa = PBXFileReference; lastKnownFileType = sourcecode.swift; path = SectionTitle.swift; sourceTree = "<group>"; };
		83FD9A9C2D09B592000FFE94 /* NewsCell.swift */ = {isa = PBXFileReference; lastKnownFileType = sourcecode.swift; path = NewsCell.swift; sourceTree = "<group>"; };
/* End PBXFileReference section */

/* Begin PBXFrameworksBuildPhase section */
		83837B6A2D09A9C100FB6939 /* Frameworks */ = {
			isa = PBXFrameworksBuildPhase;
			buildActionMask = 2147483647;
			files = (
			);
			runOnlyForDeploymentPostprocessing = 0;
		};
/* End PBXFrameworksBuildPhase section */

/* Begin PBXGroup section */
		83837B642D09A9C100FB6939 = {
			isa = PBXGroup;
			children = (
				83837B6F2D09A9C100FB6939 /* DesignAPI */,
				83837B6E2D09A9C100FB6939 /* Products */,
			);
			sourceTree = "<group>";
		};
		83837B6E2D09A9C100FB6939 /* Products */ = {
			isa = PBXGroup;
			children = (
				83837B6D2D09A9C100FB6939 /* DesignAPI.app */,
			);
			name = Products;
			sourceTree = "<group>";
		};
		83837B6F2D09A9C100FB6939 /* DesignAPI */ = {
			isa = PBXGroup;
			children = (
				83837B882D09AA5F00FB6939 /* Networking */,
				83837B702D09A9C100FB6939 /* DesignAPIApp.swift */,
				83837B8E2D09AB6300FB6939 /* News */,
				83837B742D09A9C200FB6939 /* Assets.xcassets */,
				83837B762D09A9C200FB6939 /* Preview Content */,
			);
			path = DesignAPI;
			sourceTree = "<group>";
		};
		83837B762D09A9C200FB6939 /* Preview Content */ = {
			isa = PBXGroup;
			children = (
				83837B772D09A9C200FB6939 /* Preview Assets.xcassets */,
			);
			path = "Preview Content";
			sourceTree = "<group>";
		};
		83837B882D09AA5F00FB6939 /* Networking */ = {
			isa = PBXGroup;
			children = (
				83837B852D09AA5F00FB6939 /* Endpoint.swift */,
				83837B862D09AA5F00FB6939 /* Networking.swift */,
				83837B872D09AA5F00FB6939 /* Request.swift */,
			);
			path = Networking;
			sourceTree = "<group>";
		};
		83837B8E2D09AB6300FB6939 /* News */ = {
			isa = PBXGroup;
			children = (
				83837B8F2D09AB7200FB6939 /* Models.swift */,
				83FD9A982D09AE48000FFE94 /* NewsEndpoint.swift */,
				83837B8C2D09AA8200FB6939 /* NewsViewModel.swift */,
				83837B722D09A9C100FB6939 /* NewsEventsView.swift */,
				83FD9A9A2D09B578000FFE94 /* SectionTitle.swift */,
				83FD9A9C2D09B592000FFE94 /* NewsCell.swift */,
			);
			path = News;
			sourceTree = "<group>";
		};
/* End PBXGroup section */

/* Begin PBXNativeTarget section */
		83837B6C2D09A9C100FB6939 /* DesignAPI */ = {
			isa = PBXNativeTarget;
			buildConfigurationList = 83837B7B2D09A9C200FB6939 /* Build configuration list for PBXNativeTarget "DesignAPI" */;
			buildPhases = (
				83837B692D09A9C100FB6939 /* Sources */,
				83837B6A2D09A9C100FB6939 /* Frameworks */,
				83837B6B2D09A9C100FB6939 /* Resources */,
			);
			buildRules = (
			);
			dependencies = (
			);
			name = DesignAPI;
			productName = DesignAPI;
			productReference = 83837B6D2D09A9C100FB6939 /* DesignAPI.app */;
			productType = "com.apple.product-type.application";
		};
/* End PBXNativeTarget section */

/* Begin PBXProject section */
		83837B652D09A9C100FB6939 /* Project object */ = {
			isa = PBXProject;
			attributes = {
				BuildIndependentTargetsInParallel = 1;
				LastSwiftUpdateCheck = 1530;
				LastUpgradeCheck = 1530;
				TargetAttributes = {
					83837B6C2D09A9C100FB6939 = {
						CreatedOnToolsVersion = 15.3;
					};
				};
			};
			buildConfigurationList = 83837B682D09A9C100FB6939 /* Build configuration list for PBXProject "DesignAPI" */;
			compatibilityVersion = "Xcode 14.0";
			developmentRegion = en;
			hasScannedForEncodings = 0;
			knownRegions = (
				en,
				Base,
			);
			mainGroup = 83837B642D09A9C100FB6939;
			productRefGroup = 83837B6E2D09A9C100FB6939 /* Products */;
			projectDirPath = "";
			projectRoot = "";
			targets = (
				83837B6C2D09A9C100FB6939 /* DesignAPI */,
			);
		};
/* End PBXProject section */

/* Begin PBXResourcesBuildPhase section */
		83837B6B2D09A9C100FB6939 /* Resources */ = {
			isa = PBXResourcesBuildPhase;
			buildActionMask = 2147483647;
			files = (
				83837B782D09A9C200FB6939 /* Preview Assets.xcassets in Resources */,
				83837B752D09A9C200FB6939 /* Assets.xcassets in Resources */,
			);
			runOnlyForDeploymentPostprocessing = 0;
		};
/* End PBXResourcesBuildPhase section */

/* Begin PBXSourcesBuildPhase section */
		83837B692D09A9C100FB6939 /* Sources */ = {
			isa = PBXSourcesBuildPhase;
			buildActionMask = 2147483647;
			files = (
				83837B8B2D09AA5F00FB6939 /* Request.swift in Sources */,
				83837B8D2D09AA8200FB6939 /* NewsViewModel.swift in Sources */,
				83837B912D09AD6200FB6939 /* NewsEventsView.swift in Sources */,
				83FD9A992D09AE48000FFE94 /* NewsEndpoint.swift in Sources */,
				83FD9A9D2D09B592000FFE94 /* NewsCell.swift in Sources */,
				83837B712D09A9C100FB6939 /* DesignAPIApp.swift in Sources */,
				83FD9A9B2D09B578000FFE94 /* SectionTitle.swift in Sources */,
				83837B892D09AA5F00FB6939 /* Endpoint.swift in Sources */,
				83837B8A2D09AA5F00FB6939 /* Networking.swift in Sources */,
				83837B902D09AB7200FB6939 /* Models.swift in Sources */,
			);
			runOnlyForDeploymentPostprocessing = 0;
		};
/* End PBXSourcesBuildPhase section */

/* Begin XCBuildConfiguration section */
		83837B792D09A9C200FB6939 /* Debug */ = {
			isa = XCBuildConfiguration;
			buildSettings = {
				ALWAYS_SEARCH_USER_PATHS = NO;
				ASSETCATALOG_COMPILER_GENERATE_SWIFT_ASSET_SYMBOL_EXTENSIONS = YES;
				CLANG_ANALYZER_NONNULL = YES;
				CLANG_ANALYZER_NUMBER_OBJECT_CONVERSION = YES_AGGRESSIVE;
				CLANG_CXX_LANGUAGE_STANDARD = "gnu++20";
				CLANG_ENABLE_MODULES = YES;
				CLANG_ENABLE_OBJC_ARC = YES;
				CLANG_ENABLE_OBJC_WEAK = YES;
				CLANG_WARN_BLOCK_CAPTURE_AUTORELEASING = YES;
				CLANG_WARN_BOOL_CONVERSION = YES;
				CLANG_WARN_COMMA = YES;
				CLANG_WARN_CONSTANT_CONVERSION = YES;
				CLANG_WARN_DEPRECATED_OBJC_IMPLEMENTATIONS = YES;
				CLANG_WARN_DIRECT_OBJC_ISA_USAGE = YES_ERROR;
				CLANG_WARN_DOCUMENTATION_COMMENTS = YES;
				CLANG_WARN_EMPTY_BODY = YES;
				CLANG_WARN_ENUM_CONVERSION = YES;
				CLANG_WARN_INFINITE_RECURSION = YES;
				CLANG_WARN_INT_CONVERSION = YES;
				CLANG_WARN_NON_LITERAL_NULL_CONVERSION = YES;
				CLANG_WARN_OBJC_IMPLICIT_RETAIN_SELF = YES;
				CLANG_WARN_OBJC_LITERAL_CONVERSION = YES;
				CLANG_WARN_OBJC_ROOT_CLASS = YES_ERROR;
				CLANG_WARN_QUOTED_INCLUDE_IN_FRAMEWORK_HEADER = YES;
				CLANG_WARN_RANGE_LOOP_ANALYSIS = YES;
				CLANG_WARN_STRICT_PROTOTYPES = YES;
				CLANG_WARN_SUSPICIOUS_MOVE = YES;
				CLANG_WARN_UNGUARDED_AVAILABILITY = YES_AGGRESSIVE;
				CLANG_WARN_UNREACHABLE_CODE = YES;
				CLANG_WARN__DUPLICATE_METHOD_MATCH = YES;
				COPY_PHASE_STRIP = NO;
				DEBUG_INFORMATION_FORMAT = dwarf;
				ENABLE_STRICT_OBJC_MSGSEND = YES;
				ENABLE_TESTABILITY = YES;
				ENABLE_USER_SCRIPT_SANDBOXING = YES;
				GCC_C_LANGUAGE_STANDARD = gnu17;
				GCC_DYNAMIC_NO_PIC = NO;
				GCC_NO_COMMON_BLOCKS = YES;
				GCC_OPTIMIZATION_LEVEL = 0;
				GCC_PREPROCESSOR_DEFINITIONS = (
					"DEBUG=1",
					"$(inherited)",
				);
				GCC_WARN_64_TO_32_BIT_CONVERSION = YES;
				GCC_WARN_ABOUT_RETURN_TYPE = YES_ERROR;
				GCC_WARN_UNDECLARED_SELECTOR = YES;
				GCC_WARN_UNINITIALIZED_AUTOS = YES_AGGRESSIVE;
				GCC_WARN_UNUSED_FUNCTION = YES;
				GCC_WARN_UNUSED_VARIABLE = YES;
				IPHONEOS_DEPLOYMENT_TARGET = 17.4;
				LOCALIZATION_PREFERS_STRING_CATALOGS = YES;
				MTL_ENABLE_DEBUG_INFO = INCLUDE_SOURCE;
				MTL_FAST_MATH = YES;
				ONLY_ACTIVE_ARCH = YES;
				SDKROOT = iphoneos;
				SWIFT_ACTIVE_COMPILATION_CONDITIONS = "DEBUG $(inherited)";
				SWIFT_OPTIMIZATION_LEVEL = "-Onone";
			};
			name = Debug;
		};
		83837B7A2D09A9C200FB6939 /* Release */ = {
			isa = XCBuildConfiguration;
			buildSettings = {
				ALWAYS_SEARCH_USER_PATHS = NO;
				ASSETCATALOG_COMPILER_GENERATE_SWIFT_ASSET_SYMBOL_EXTENSIONS = YES;
				CLANG_ANALYZER_NONNULL = YES;
				CLANG_ANALYZER_NUMBER_OBJECT_CONVERSION = YES_AGGRESSIVE;
				CLANG_CXX_LANGUAGE_STANDARD = "gnu++20";
				CLANG_ENABLE_MODULES = YES;
				CLANG_ENABLE_OBJC_ARC = YES;
				CLANG_ENABLE_OBJC_WEAK = YES;
				CLANG_WARN_BLOCK_CAPTURE_AUTORELEASING = YES;
				CLANG_WARN_BOOL_CONVERSION = YES;
				CLANG_WARN_COMMA = YES;
				CLANG_WARN_CONSTANT_CONVERSION = YES;
				CLANG_WARN_DEPRECATED_OBJC_IMPLEMENTATIONS = YES;
				CLANG_WARN_DIRECT_OBJC_ISA_USAGE = YES_ERROR;
				CLANG_WARN_DOCUMENTATION_COMMENTS = YES;
				CLANG_WARN_EMPTY_BODY = YES;
				CLANG_WARN_ENUM_CONVERSION = YES;
				CLANG_WARN_INFINITE_RECURSION = YES;
				CLANG_WARN_INT_CONVERSION = YES;
				CLANG_WARN_NON_LITERAL_NULL_CONVERSION = YES;
				CLANG_WARN_OBJC_IMPLICIT_RETAIN_SELF = YES;
				CLANG_WARN_OBJC_LITERAL_CONVERSION = YES;
				CLANG_WARN_OBJC_ROOT_CLASS = YES_ERROR;
				CLANG_WARN_QUOTED_INCLUDE_IN_FRAMEWORK_HEADER = YES;
				CLANG_WARN_RANGE_LOOP_ANALYSIS = YES;
				CLANG_WARN_STRICT_PROTOTYPES = YES;
				CLANG_WARN_SUSPICIOUS_MOVE = YES;
				CLANG_WARN_UNGUARDED_AVAILABILITY = YES_AGGRESSIVE;
				CLANG_WARN_UNREACHABLE_CODE = YES;
				CLANG_WARN__DUPLICATE_METHOD_MATCH = YES;
				COPY_PHASE_STRIP = NO;
				DEBUG_INFORMATION_FORMAT = "dwarf-with-dsym";
				ENABLE_NS_ASSERTIONS = NO;
				ENABLE_STRICT_OBJC_MSGSEND = YES;
				ENABLE_USER_SCRIPT_SANDBOXING = YES;
				GCC_C_LANGUAGE_STANDARD = gnu17;
				GCC_NO_COMMON_BLOCKS = YES;
				GCC_WARN_64_TO_32_BIT_CONVERSION = YES;
				GCC_WARN_ABOUT_RETURN_TYPE = YES_ERROR;
				GCC_WARN_UNDECLARED_SELECTOR = YES;
				GCC_WARN_UNINITIALIZED_AUTOS = YES_AGGRESSIVE;
				GCC_WARN_UNUSED_FUNCTION = YES;
				GCC_WARN_UNUSED_VARIABLE = YES;
				IPHONEOS_DEPLOYMENT_TARGET = 17.4;
				LOCALIZATION_PREFERS_STRING_CATALOGS = YES;
				MTL_ENABLE_DEBUG_INFO = NO;
				MTL_FAST_MATH = YES;
				SDKROOT = iphoneos;
				SWIFT_COMPILATION_MODE = wholemodule;
				VALIDATE_PRODUCT = YES;
			};
			name = Release;
		};
		83837B7C2D09A9C200FB6939 /* Debug */ = {
			isa = XCBuildConfiguration;
			buildSettings = {
				ASSETCATALOG_COMPILER_APPICON_NAME = AppIcon;
				ASSETCATALOG_COMPILER_GLOBAL_ACCENT_COLOR_NAME = AccentColor;
				CODE_SIGN_STYLE = Automatic;
				CURRENT_PROJECT_VERSION = 1;
				DEVELOPMENT_ASSET_PATHS = "\"DesignAPI/Preview Content\"";
				ENABLE_PREVIEWS = YES;
				GENERATE_INFOPLIST_FILE = YES;
				INFOPLIST_KEY_UIApplicationSceneManifest_Generation = YES;
				INFOPLIST_KEY_UIApplicationSupportsIndirectInputEvents = YES;
				INFOPLIST_KEY_UILaunchScreen_Generation = YES;
				INFOPLIST_KEY_UISupportedInterfaceOrientations_iPad = "UIInterfaceOrientationPortrait UIInterfaceOrientationPortraitUpsideDown UIInterfaceOrientationLandscapeLeft UIInterfaceOrientationLandscapeRight";
				INFOPLIST_KEY_UISupportedInterfaceOrientations_iPhone = "UIInterfaceOrientationPortrait UIInterfaceOrientationLandscapeLeft UIInterfaceOrientationLandscapeRight";
				LD_RUNPATH_SEARCH_PATHS = (
					"$(inherited)",
					"@executable_path/Frameworks",
				);
				MARKETING_VERSION = 1.0;
				PRODUCT_BUNDLE_IDENTIFIER = HSE.DesignAPI;
				PRODUCT_NAME = "$(TARGET_NAME)";
				SWIFT_EMIT_LOC_STRINGS = YES;
				SWIFT_VERSION = 5.0;
				TARGETED_DEVICE_FAMILY = "1,2";
			};
			name = Debug;
		};
		83837B7D2D09A9C200FB6939 /* Release */ = {
			isa = XCBuildConfiguration;
			buildSettings = {
				ASSETCATALOG_COMPILER_APPICON_NAME = AppIcon;
				ASSETCATALOG_COMPILER_GLOBAL_ACCENT_COLOR_NAME = AccentColor;
				CODE_SIGN_STYLE = Automatic;
				CURRENT_PROJECT_VERSION = 1;
				DEVELOPMENT_ASSET_PATHS = "\"DesignAPI/Preview Content\"";
				ENABLE_PREVIEWS = YES;
				GENERATE_INFOPLIST_FILE = YES;
				INFOPLIST_KEY_UIApplicationSceneManifest_Generation = YES;
				INFOPLIST_KEY_UIApplicationSupportsIndirectInputEvents = YES;
				INFOPLIST_KEY_UILaunchScreen_Generation = YES;
				INFOPLIST_KEY_UISupportedInterfaceOrientations_iPad = "UIInterfaceOrientationPortrait UIInterfaceOrientationPortraitUpsideDown UIInterfaceOrientationLandscapeLeft UIInterfaceOrientationLandscapeRight";
				INFOPLIST_KEY_UISupportedInterfaceOrientations_iPhone = "UIInterfaceOrientationPortrait UIInterfaceOrientationLandscapeLeft UIInterfaceOrientationLandscapeRight";
				LD_RUNPATH_SEARCH_PATHS = (
					"$(inherited)",
					"@executable_path/Frameworks",
				);
				MARKETING_VERSION = 1.0;
				PRODUCT_BUNDLE_IDENTIFIER = HSE.DesignAPI;
				PRODUCT_NAME = "$(TARGET_NAME)";
				SWIFT_EMIT_LOC_STRINGS = YES;
				SWIFT_VERSION = 5.0;
				TARGETED_DEVICE_FAMILY = "1,2";
			};
			name = Release;
		};
/* End XCBuildConfiguration section */

/* Begin XCConfigurationList section */
		83837B682D09A9C100FB6939 /* Build configuration list for PBXProject "DesignAPI" */ = {
			isa = XCConfigurationList;
			buildConfigurations = (
				83837B792D09A9C200FB6939 /* Debug */,
				83837B7A2D09A9C200FB6939 /* Release */,
			);
			defaultConfigurationIsVisible = 0;
			defaultConfigurationName = Release;
		};
		83837B7B2D09A9C200FB6939 /* Build configuration list for PBXNativeTarget "DesignAPI" */ = {
			isa = XCConfigurationList;
			buildConfigurations = (
				83837B7C2D09A9C200FB6939 /* Debug */,
				83837B7D2D09A9C200FB6939 /* Release */,
			);
			defaultConfigurationIsVisible = 0;
			defaultConfigurationName = Release;
		};
/* End XCConfigurationList section */
	};
	rootObject = 83837B652D09A9C100FB6939 /* Project object */;
}
